// !$*UTF8*$!
{
	archiveVersion = 1;
	classes = {
	};
	objectVersion = 55;
	objects = {

/* Begin PBXBuildFile section */
		98425782277E1F2C005BB4B1 /* DuplicateLetters.swift in Sources */ = {isa = PBXBuildFile; fileRef = 98425781277E1F2C005BB4B1 /* DuplicateLetters.swift */; };
		986C921F277A66F4002928FF /* main.swift in Sources */ = {isa = PBXBuildFile; fileRef = 986C921E277A66F4002928FF /* main.swift */; };
		987A7F8C277CC76D0086DE37 /* CountCharacters.swift in Sources */ = {isa = PBXBuildFile; fileRef = 987A7F8B277CC76D0086DE37 /* CountCharacters.swift */; };
		987A7F8E277CC84E0086DE37 /* FizzBuzz.swift in Sources */ = {isa = PBXBuildFile; fileRef = 987A7F8D277CC84E0086DE37 /* FizzBuzz.swift */; };
		987A7F90277CC95A0086DE37 /* RandomNumber.swift in Sources */ = {isa = PBXBuildFile; fileRef = 987A7F8F277CC95A0086DE37 /* RandomNumber.swift */; };
		987A7F92277CCAF20086DE37 /* pow.swift in Sources */ = {isa = PBXBuildFile; fileRef = 987A7F91277CCAF20086DE37 /* pow.swift */; };
		987A7F94277CCDBF0086DE37 /* Swap.swift in Sources */ = {isa = PBXBuildFile; fileRef = 987A7F93277CCDBF0086DE37 /* Swap.swift */; };
		98DA7F62277BBDA8004AFBC4 /* WordIsPalindrome.swift in Sources */ = {isa = PBXBuildFile; fileRef = 98DA7F61277BBDA8004AFBC4 /* WordIsPalindrome.swift */; };
/* End PBXBuildFile section */

/* Begin PBXCopyFilesBuildPhase section */
		986C9219277A66F4002928FF /* CopyFiles */ = {
			isa = PBXCopyFilesBuildPhase;
			buildActionMask = 2147483647;
			dstPath = /usr/share/man/man1/;
			dstSubfolderSpec = 0;
			files = (
			);
			runOnlyForDeploymentPostprocessing = 1;
		};
/* End PBXCopyFilesBuildPhase section */

/* Begin PBXFileReference section */
		98425781277E1F2C005BB4B1 /* DuplicateLetters.swift */ = {isa = PBXFileReference; lastKnownFileType = sourcecode.swift; path = DuplicateLetters.swift; sourceTree = "<group>"; };
		986C921B277A66F4002928FF /* Challenges */ = {isa = PBXFileReference; explicitFileType = "compiled.mach-o.executable"; includeInIndex = 0; path = Challenges; sourceTree = BUILT_PRODUCTS_DIR; };
		986C921E277A66F4002928FF /* main.swift */ = {isa = PBXFileReference; lastKnownFileType = sourcecode.swift; path = main.swift; sourceTree = "<group>"; };
		987A7F8B277CC76D0086DE37 /* CountCharacters.swift */ = {isa = PBXFileReference; lastKnownFileType = sourcecode.swift; path = CountCharacters.swift; sourceTree = "<group>"; };
		987A7F8D277CC84E0086DE37 /* FizzBuzz.swift */ = {isa = PBXFileReference; lastKnownFileType = sourcecode.swift; path = FizzBuzz.swift; sourceTree = "<group>"; };
		987A7F8F277CC95A0086DE37 /* RandomNumber.swift */ = {isa = PBXFileReference; lastKnownFileType = sourcecode.swift; path = RandomNumber.swift; sourceTree = "<group>"; };
		987A7F91277CCAF20086DE37 /* pow.swift */ = {isa = PBXFileReference; lastKnownFileType = sourcecode.swift; path = pow.swift; sourceTree = "<group>"; };
		987A7F93277CCDBF0086DE37 /* Swap.swift */ = {isa = PBXFileReference; lastKnownFileType = sourcecode.swift; path = Swap.swift; sourceTree = "<group>"; };
		98DA7F61277BBDA8004AFBC4 /* WordIsPalindrome.swift */ = {isa = PBXFileReference; lastKnownFileType = sourcecode.swift; path = WordIsPalindrome.swift; sourceTree = "<group>"; };
/* End PBXFileReference section */

/* Begin PBXFrameworksBuildPhase section */
		986C9218277A66F4002928FF /* Frameworks */ = {
			isa = PBXFrameworksBuildPhase;
			buildActionMask = 2147483647;
			files = (
			);
			runOnlyForDeploymentPostprocessing = 0;
		};
/* End PBXFrameworksBuildPhase section */

/* Begin PBXGroup section */
		986C9212277A66F4002928FF = {
			isa = PBXGroup;
			children = (
				986C921D277A66F4002928FF /* Challenges */,
				986C921C277A66F4002928FF /* Products */,
			);
			sourceTree = "<group>";
		};
		986C921C277A66F4002928FF /* Products */ = {
			isa = PBXGroup;
			children = (
				986C921B277A66F4002928FF /* Challenges */,
			);
			name = Products;
			sourceTree = "<group>";
		};
		986C921D277A66F4002928FF /* Challenges */ = {
			isa = PBXGroup;
			children = (
				986C921E277A66F4002928FF /* main.swift */,
				98DA7F61277BBDA8004AFBC4 /* WordIsPalindrome.swift */,
				987A7F8B277CC76D0086DE37 /* CountCharacters.swift */,
				987A7F8D277CC84E0086DE37 /* FizzBuzz.swift */,
				987A7F8F277CC95A0086DE37 /* RandomNumber.swift */,
				987A7F91277CCAF20086DE37 /* pow.swift */,
				987A7F93277CCDBF0086DE37 /* Swap.swift */,
				98425781277E1F2C005BB4B1 /* DuplicateLetters.swift */,
			);
			path = Challenges;
			sourceTree = "<group>";
		};
/* End PBXGroup section */

/* Begin PBXNativeTarget section */
		986C921A277A66F4002928FF /* Challenges */ = {
			isa = PBXNativeTarget;
			buildConfigurationList = 986C9222277A66F4002928FF /* Build configuration list for PBXNativeTarget "Challenges" */;
			buildPhases = (
				986C9217277A66F4002928FF /* Sources */,
				986C9218277A66F4002928FF /* Frameworks */,
				986C9219277A66F4002928FF /* CopyFiles */,
			);
			buildRules = (
			);
			dependencies = (
			);
			name = Challenges;
			productName = Challenges;
			productReference = 986C921B277A66F4002928FF /* Challenges */;
			productType = "com.apple.product-type.tool";
		};
/* End PBXNativeTarget section */

/* Begin PBXProject section */
		986C9213277A66F4002928FF /* Project object */ = {
			isa = PBXProject;
			attributes = {
				BuildIndependentTargetsInParallel = 1;
				LastSwiftUpdateCheck = 1320;
				LastUpgradeCheck = 1320;
				TargetAttributes = {
					986C921A277A66F4002928FF = {
						CreatedOnToolsVersion = 13.2.1;
					};
				};
			};
			buildConfigurationList = 986C9216277A66F4002928FF /* Build configuration list for PBXProject "Challenges" */;
			compatibilityVersion = "Xcode 13.0";
			developmentRegion = en;
			hasScannedForEncodings = 0;
			knownRegions = (
				en,
				Base,
			);
			mainGroup = 986C9212277A66F4002928FF;
			productRefGroup = 986C921C277A66F4002928FF /* Products */;
			projectDirPath = "";
			projectRoot = "";
			targets = (
				986C921A277A66F4002928FF /* Challenges */,
			);
		};
/* End PBXProject section */

/* Begin PBXSourcesBuildPhase section */
		986C9217277A66F4002928FF /* Sources */ = {
			isa = PBXSourcesBuildPhase;
			buildActionMask = 2147483647;
			files = (
				98DA7F62277BBDA8004AFBC4 /* WordIsPalindrome.swift in Sources */,
				987A7F94277CCDBF0086DE37 /* Swap.swift in Sources */,
				986C921F277A66F4002928FF /* main.swift in Sources */,
				987A7F92277CCAF20086DE37 /* pow.swift in Sources */,
				987A7F90277CC95A0086DE37 /* RandomNumber.swift in Sources */,
				987A7F8C277CC76D0086DE37 /* CountCharacters.swift in Sources */,
				987A7F8E277CC84E0086DE37 /* FizzBuzz.swift in Sources */,
				98425782277E1F2C005BB4B1 /* DuplicateLetters.swift in Sources */,
			);
			runOnlyForDeploymentPostprocessing = 0;
		};
/* End PBXSourcesBuildPhase section */

/* Begin XCBuildConfiguration section */
		986C9220277A66F4002928FF /* Debug */ = {
			isa = XCBuildConfiguration;
			buildSettings = {
				ALWAYS_SEARCH_USER_PATHS = NO;
				CLANG_ANALYZER_NONNULL = YES;
				CLANG_ANALYZER_NUMBER_OBJECT_CONVERSION = YES_AGGRESSIVE;
				CLANG_CXX_LANGUAGE_STANDARD = "gnu++17";
				CLANG_CXX_LIBRARY = "libc++";
				CLANG_ENABLE_MODULES = YES;
				CLANG_ENABLE_OBJC_ARC = YES;
				CLANG_ENABLE_OBJC_WEAK = YES;
				CLANG_WARN_BLOCK_CAPTURE_AUTORELEASING = YES;
				CLANG_WARN_BOOL_CONVERSION = YES;
				CLANG_WARN_COMMA = YES;
				CLANG_WARN_CONSTANT_CONVERSION = YES;
				CLANG_WARN_DEPRECATED_OBJC_IMPLEMENTATIONS = YES;
				CLANG_WARN_DIRECT_OBJC_ISA_USAGE = YES_ERROR;
				CLANG_WARN_DOCUMENTATION_COMMENTS = YES;
				CLANG_WARN_EMPTY_BODY = YES;
				CLANG_WARN_ENUM_CONVERSION = YES;
				CLANG_WARN_INFINITE_RECURSION = YES;
				CLANG_WARN_INT_CONVERSION = YES;
				CLANG_WARN_NON_LITERAL_NULL_CONVERSION = YES;
				CLANG_WARN_OBJC_IMPLICIT_RETAIN_SELF = YES;
				CLANG_WARN_OBJC_LITERAL_CONVERSION = YES;
				CLANG_WARN_OBJC_ROOT_CLASS = YES_ERROR;
				CLANG_WARN_QUOTED_INCLUDE_IN_FRAMEWORK_HEADER = YES;
				CLANG_WARN_RANGE_LOOP_ANALYSIS = YES;
				CLANG_WARN_STRICT_PROTOTYPES = YES;
				CLANG_WARN_SUSPICIOUS_MOVE = YES;
				CLANG_WARN_UNGUARDED_AVAILABILITY = YES_AGGRESSIVE;
				CLANG_WARN_UNREACHABLE_CODE = YES;
				CLANG_WARN__DUPLICATE_METHOD_MATCH = YES;
				COPY_PHASE_STRIP = NO;
				DEBUG_INFORMATION_FORMAT = dwarf;
				ENABLE_STRICT_OBJC_MSGSEND = YES;
				ENABLE_TESTABILITY = YES;
				GCC_C_LANGUAGE_STANDARD = gnu11;
				GCC_DYNAMIC_NO_PIC = NO;
				GCC_NO_COMMON_BLOCKS = YES;
				GCC_OPTIMIZATION_LEVEL = 0;
				GCC_PREPROCESSOR_DEFINITIONS = (
					"DEBUG=1",
					"$(inherited)",
				);
				GCC_WARN_64_TO_32_BIT_CONVERSION = YES;
				GCC_WARN_ABOUT_RETURN_TYPE = YES_ERROR;
				GCC_WARN_UNDECLARED_SELECTOR = YES;
				GCC_WARN_UNINITIALIZED_AUTOS = YES_AGGRESSIVE;
				GCC_WARN_UNUSED_FUNCTION = YES;
				GCC_WARN_UNUSED_VARIABLE = YES;
				MACOSX_DEPLOYMENT_TARGET = 12.1;
				MTL_ENABLE_DEBUG_INFO = INCLUDE_SOURCE;
				MTL_FAST_MATH = YES;
				ONLY_ACTIVE_ARCH = YES;
				SDKROOT = macosx;
				SWIFT_ACTIVE_COMPILATION_CONDITIONS = DEBUG;
				SWIFT_OPTIMIZATION_LEVEL = "-Onone";
			};
			name = Debug;
		};
		986C9221277A66F4002928FF /* Release */ = {
			isa = XCBuildConfiguration;
			buildSettings = {
				ALWAYS_SEARCH_USER_PATHS = NO;
				CLANG_ANALYZER_NONNULL = YES;
				CLANG_ANALYZER_NUMBER_OBJECT_CONVERSION = YES_AGGRESSIVE;
				CLANG_CXX_LANGUAGE_STANDARD = "gnu++17";
				CLANG_CXX_LIBRARY = "libc++";
				CLANG_ENABLE_MODULES = YES;
				CLANG_ENABLE_OBJC_ARC = YES;
				CLANG_ENABLE_OBJC_WEAK = YES;
				CLANG_WARN_BLOCK_CAPTURE_AUTORELEASING = YES;
				CLANG_WARN_BOOL_CONVERSION = YES;
				CLANG_WARN_COMMA = YES;
				CLANG_WARN_CONSTANT_CONVERSION = YES;
				CLANG_WARN_DEPRECATED_OBJC_IMPLEMENTATIONS = YES;
				CLANG_WARN_DIRECT_OBJC_ISA_USAGE = YES_ERROR;
				CLANG_WARN_DOCUMENTATION_COMMENTS = YES;
				CLANG_WARN_EMPTY_BODY = YES;
				CLANG_WARN_ENUM_CONVERSION = YES;
				CLANG_WARN_INFINITE_RECURSION = YES;
				CLANG_WARN_INT_CONVERSION = YES;
				CLANG_WARN_NON_LITERAL_NULL_CONVERSION = YES;
				CLANG_WARN_OBJC_IMPLICIT_RETAIN_SELF = YES;
				CLANG_WARN_OBJC_LITERAL_CONVERSION = YES;
				CLANG_WARN_OBJC_ROOT_CLASS = YES_ERROR;
				CLANG_WARN_QUOTED_INCLUDE_IN_FRAMEWORK_HEADER = YES;
				CLANG_WARN_RANGE_LOOP_ANALYSIS = YES;
				CLANG_WARN_STRICT_PROTOTYPES = YES;
				CLANG_WARN_SUSPICIOUS_MOVE = YES;
				CLANG_WARN_UNGUARDED_AVAILABILITY = YES_AGGRESSIVE;
				CLANG_WARN_UNREACHABLE_CODE = YES;
				CLANG_WARN__DUPLICATE_METHOD_MATCH = YES;
				COPY_PHASE_STRIP = NO;
				DEBUG_INFORMATION_FORMAT = "dwarf-with-dsym";
				ENABLE_NS_ASSERTIONS = NO;
				ENABLE_STRICT_OBJC_MSGSEND = YES;
				GCC_C_LANGUAGE_STANDARD = gnu11;
				GCC_NO_COMMON_BLOCKS = YES;
				GCC_WARN_64_TO_32_BIT_CONVERSION = YES;
				GCC_WARN_ABOUT_RETURN_TYPE = YES_ERROR;
				GCC_WARN_UNDECLARED_SELECTOR = YES;
				GCC_WARN_UNINITIALIZED_AUTOS = YES_AGGRESSIVE;
				GCC_WARN_UNUSED_FUNCTION = YES;
				GCC_WARN_UNUSED_VARIABLE = YES;
				MACOSX_DEPLOYMENT_TARGET = 12.1;
				MTL_ENABLE_DEBUG_INFO = NO;
				MTL_FAST_MATH = YES;
				SDKROOT = macosx;
				SWIFT_COMPILATION_MODE = wholemodule;
				SWIFT_OPTIMIZATION_LEVEL = "-O";
			};
			name = Release;
		};
		986C9223277A66F4002928FF /* Debug */ = {
			isa = XCBuildConfiguration;
			buildSettings = {
				CODE_SIGN_STYLE = Automatic;
				DEVELOPMENT_TEAM = 9Z86N6X4FM;
				ENABLE_HARDENED_RUNTIME = YES;
				PRODUCT_NAME = "$(TARGET_NAME)";
				SWIFT_VERSION = 5.0;
			};
			name = Debug;
		};
		986C9224277A66F4002928FF /* Release */ = {
			isa = XCBuildConfiguration;
			buildSettings = {
				CODE_SIGN_STYLE = Automatic;
				DEVELOPMENT_TEAM = 9Z86N6X4FM;
				ENABLE_HARDENED_RUNTIME = YES;
				PRODUCT_NAME = "$(TARGET_NAME)";
				SWIFT_VERSION = 5.0;
			};
			name = Release;
		};
/* End XCBuildConfiguration section */

/* Begin XCConfigurationList section */
		986C9216277A66F4002928FF /* Build configuration list for PBXProject "Challenges" */ = {
			isa = XCConfigurationList;
			buildConfigurations = (
				986C9220277A66F4002928FF /* Debug */,
				986C9221277A66F4002928FF /* Release */,
			);
			defaultConfigurationIsVisible = 0;
			defaultConfigurationName = Release;
		};
		986C9222277A66F4002928FF /* Build configuration list for PBXNativeTarget "Challenges" */ = {
			isa = XCConfigurationList;
			buildConfigurations = (
				986C9223277A66F4002928FF /* Debug */,
				986C9224277A66F4002928FF /* Release */,
			);
			defaultConfigurationIsVisible = 0;
			defaultConfigurationName = Release;
		};
/* End XCConfigurationList section */
	};
	rootObject = 986C9213277A66F4002928FF /* Project object */;
}
